
Microsoft Visual Studio Solution File, Format Version 12.00
# Visual Studio Version 17
VisualStudioVersion = 17.4.33213.308
MinimumVisualStudioVersion = 10.0.40219.1
Project("{9A19103F-16F7-4668-BE54-9A1E7A4F7556}") = "Bank", "Bank\Bank.csproj", "{DA2F8E62-7B90-414F-87C0-D9AEA6AD89DD}"
EndProject
Project("{9A19103F-16F7-4668-BE54-9A1E7A4F7556}") = "Garage", "Garage\Garage.csproj", "{65C467A2-8DC0-4FFF-8777-A1F5CC6A728C}"
EndProject
Project("{FAE04EC0-301F-11D3-BF4B-00C04F79EFBC}") = "Matrix", "Matrix\Matrix.csproj", "{E0643C1E-53F2-4F70-BF5C-611DCC8C36D7}"
EndProject
Global
	GlobalSection(SolutionConfigurationPlatforms) = preSolution
		Debug|Any CPU = Debug|Any CPU
		Release|Any CPU = Release|Any CPU
	EndGlobalSection
	GlobalSection(ProjectConfigurationPlatforms) = postSolution
		{DA2F8E62-7B90-414F-87C0-D9AEA6AD89DD}.Debug|Any CPU.ActiveCfg = Debug|Any CPU
		{DA2F8E62-7B90-414F-87C0-D9AEA6AD89DD}.Debug|Any CPU.Build.0 = Debug|Any CPU
		{DA2F8E62-7B90-414F-87C0-D9AEA6AD89DD}.Release|Any CPU.ActiveCfg = Release|Any CPU
		{DA2F8E62-7B90-414F-87C0-D9AEA6AD89DD}.Release|Any CPU.Build.0 = Release|Any CPU
		{65C467A2-8DC0-4FFF-8777-A1F5CC6A728C}.Debug|Any CPU.ActiveCfg = Debug|Any CPU
		{65C467A2-8DC0-4FFF-8777-A1F5CC6A728C}.Debug|Any CPU.Build.0 = Debug|Any CPU
		{65C467A2-8DC0-4FFF-8777-A1F5CC6A728C}.Release|Any CPU.ActiveCfg = Release|Any CPU
		{65C467A2-8DC0-4FFF-8777-A1F5CC6A728C}.Release|Any CPU.Build.0 = Release|Any CPU
		{E0643C1E-53F2-4F70-BF5C-611DCC8C36D7}.Debug|Any CPU.ActiveCfg = Debug|Any CPU
		{E0643C1E-53F2-4F70-BF5C-611DCC8C36D7}.Debug|Any CPU.Build.0 = Debug|Any CPU
		{E0643C1E-53F2-4F70-BF5C-611DCC8C36D7}.Release|Any CPU.ActiveCfg = Release|Any CPU
		{E0643C1E-53F2-4F70-BF5C-611DCC8C36D7}.Release|Any CPU.Build.0 = Release|Any CPU
	EndGlobalSection
	GlobalSection(SolutionProperties) = preSolution
		HideSolutionNode = FALSE
	EndGlobalSection
	GlobalSection(ExtensibilityGlobals) = postSolution
		SolutionGuid = {E565B52E-B874-4467-BF59-249A49654AF1}
	EndGlobalSection
EndGlobal
