
Microsoft Visual Studio Solution File, Format Version 12.00
# Visual Studio Version 17
VisualStudioVersion = 17.4.33213.308
MinimumVisualStudioVersion = 10.0.40219.1
Project("{FAE04EC0-301F-11D3-BF4B-00C04F79EFBC}") = "Garage_project", "Garage_project\Garage_project.csproj", "{09EB8852-7551-4299-BAB6-10ADF58829BC}"
EndProject
Global
	GlobalSection(SolutionConfigurationPlatforms) = preSolution
		Debug|Any CPU = Debug|Any CPU
		Release|Any CPU = Release|Any CPU
	EndGlobalSection
	GlobalSection(ProjectConfigurationPlatforms) = postSolution
		{09EB8852-7551-4299-BAB6-10ADF58829BC}.Debug|Any CPU.ActiveCfg = Debug|Any CPU
		{09EB8852-7551-4299-BAB6-10ADF58829BC}.Debug|Any CPU.Build.0 = Debug|Any CPU
		{09EB8852-7551-4299-BAB6-10ADF58829BC}.Release|Any CPU.ActiveCfg = Release|Any CPU
		{09EB8852-7551-4299-BAB6-10ADF58829BC}.Release|Any CPU.Build.0 = Release|Any CPU
	EndGlobalSection
	GlobalSection(SolutionProperties) = preSolution
		HideSolutionNode = FALSE
	EndGlobalSection
	GlobalSection(ExtensibilityGlobals) = postSolution
		SolutionGuid = {A97731AC-8D20-4529-9F22-210E1713EAE5}
	EndGlobalSection
EndGlobal
